
Microsoft Visual Studio Solution File, Format Version 11.00
# Visual Studio 2010
Project("{FAE04EC0-301F-11D3-BF4B-00C04F79EFBC}") = "Mg", "Mg\Mg.csproj", "{C6ACE654-3AC7-44D6-86E9-4780F27C057B}"
EndProject
Global
	GlobalSection(SolutionConfigurationPlatforms) = preSolution
		Debug|Any CPU = Debug|Any CPU
		Release|Any CPU = Release|Any CPU
	EndGlobalSection
	GlobalSection(ProjectConfigurationPlatforms) = postSolution
		{C6ACE654-3AC7-44D6-86E9-4780F27C057B}.Debug|Any CPU.ActiveCfg = Debug|Any CPU
		{C6ACE654-3AC7-44D6-86E9-4780F27C057B}.Debug|Any CPU.Build.0 = Debug|Any CPU
		{C6ACE654-3AC7-44D6-86E9-4780F27C057B}.Release|Any CPU.ActiveCfg = Release|Any CPU
		{C6ACE654-3AC7-44D6-86E9-4780F27C057B}.Release|Any CPU.Build.0 = Release|Any CPU
	EndGlobalSection
	GlobalSection(SolutionProperties) = preSolution
		HideSolutionNode = FALSE
	EndGlobalSection
EndGlobal
